<?xml version="1.0" encoding="utf-8"?>
<Project ToolsVersion="4.0" xmlns="http://schemas.microsoft.com/developer/msbuild/2003">
  <ItemGroup>
    <ClCompile Include="WinMain.cpp">
      <Filter>WinMain</Filter>
    </ClCompile>
    <ClCompile Include="ClientHeader.cpp">
      <Filter>WinMain</Filter>
    </ClCompile>
    <ClCompile Include="SceneMain\MainScene.cpp">
      <Filter>Scene</Filter>
    </ClCompile>
    <ClCompile Include="SceneMain\StartScene.cpp">
      <Filter>Scene</Filter>
    </ClCompile>
    <ClCompile Include="SceneMain\StaticTestScene.cpp">
      <Filter>Scene</Filter>
    </ClCompile>
    <ClCompile Include="UserComponent\Player.cpp">
      <Filter>Component</Filter>
    </ClCompile>
  </ItemGroup>
  <ItemGroup>
    <ClInclude Include="ClientHeader.h">
      <Filter>WinMain</Filter>
    </ClInclude>
    <ClInclude Include="SceneMain\MainScene.h">
      <Filter>Scene</Filter>
    </ClInclude>
    <ClInclude Include="SceneMain\StartScene.h">
      <Filter>Scene</Filter>
    </ClInclude>
    <ClInclude Include="SceneMain\StaticTestScene.h">
      <Filter>Scene</Filter>
    </ClInclude>
    <ClInclude Include="UserComponent\Player.h">
      <Filter>Component</Filter>
    </ClInclude>
  </ItemGroup>
  <ItemGroup>
    <Filter Include="WinMain">
      <UniqueIdentifier>{978a9eca-9618-484c-9b76-b367a1aead00}</UniqueIdentifier>
    </Filter>
    <Filter Include="Scene">
      <UniqueIdentifier>{59bfc487-37d0-4548-be46-38f2d29255b5}</UniqueIdentifier>
    </Filter>
    <Filter Include="Component">
      <UniqueIdentifier>{a0031b1d-ce73-4860-bd98-7a4da5f5c643}</UniqueIdentifier>
    </Filter>
  </ItemGroup>
</Project>